{
  "name": "anonymity_ui",
  "version": "1.0.0",
  "lockfileVersion": 3,
  "requires": true,
  "packages": {
    "": {
      "name": "anonymity_ui",
      "version": "1.0.0",
      "license": "ISC",
      "dependencies": {
        "anonymity_ui": "^1.0.0"
      }
    },
    "node_modules/anonymity_ui": {
      "version": "1.0.0",
      "resolved": "https://registry.npmjs.org/anonymity_ui/-/anonymity_ui-1.0.0.tgz",
      "integrity": "sha512-8IRPyxm+JIyTAo4CpV+ynJh8RYhVXcnGqbix/R4a7hjVUA5mB3eeba31Z9PyR1dlP6HblCHC1QgvyyL34FPOpQ==",
      "license": "ISC"
    }
  }
}
